
Microsoft Visual Studio Solution File, Format Version 12.00
Project("{FAE04EC0-301F-11D3-BF4B-00C04F79EFBC}") = "HPlusSportTDD.Core.Tests", "HPlusSportTDD.Core.Tests\HPlusSportTDD.Core.Tests.csproj", "{0D38DA08-F4AF-44AF-B390-C6DE562550DF}"
EndProject
Project("{FAE04EC0-301F-11D3-BF4B-00C04F79EFBC}") = "HPlusSportTDD.Core", "HPlusSportTDD.Core\HPlusSportTDD.Core.csproj", "{62C6FC9A-033C-4319-9C02-2B5A9DFF8641}"
EndProject
Global
	GlobalSection(SolutionConfigurationPlatforms) = preSolution
		Debug|Any CPU = Debug|Any CPU
		Release|Any CPU = Release|Any CPU
	EndGlobalSection
	GlobalSection(ProjectConfigurationPlatforms) = postSolution
		{0D38DA08-F4AF-44AF-B390-C6DE562550DF}.Debug|Any CPU.ActiveCfg = Debug|Any CPU
		{0D38DA08-F4AF-44AF-B390-C6DE562550DF}.Debug|Any CPU.Build.0 = Debug|Any CPU
		{0D38DA08-F4AF-44AF-B390-C6DE562550DF}.Release|Any CPU.ActiveCfg = Release|Any CPU
		{0D38DA08-F4AF-44AF-B390-C6DE562550DF}.Release|Any CPU.Build.0 = Release|Any CPU
		{62C6FC9A-033C-4319-9C02-2B5A9DFF8641}.Debug|Any CPU.ActiveCfg = Debug|Any CPU
		{62C6FC9A-033C-4319-9C02-2B5A9DFF8641}.Debug|Any CPU.Build.0 = Debug|Any CPU
		{62C6FC9A-033C-4319-9C02-2B5A9DFF8641}.Release|Any CPU.ActiveCfg = Release|Any CPU
		{62C6FC9A-033C-4319-9C02-2B5A9DFF8641}.Release|Any CPU.Build.0 = Release|Any CPU
	EndGlobalSection
EndGlobal
